
Microsoft Visual Studio Solution File, Format Version 12.00
# Visual Studio Version 17
VisualStudioVersion = 17.8.34004.107
MinimumVisualStudioVersion = 10.0.40219.1
Project("{9A19103F-16F7-4668-BE54-9A1E7A4F7556}") = "Minecraft_QQ.Core", "Minecraft_QQ_Core\Minecraft_QQ.Core.csproj", "{98F9345E-7FA8-4A57-BDEC-136110D3D244}"
EndProject
Project("{9A19103F-16F7-4668-BE54-9A1E7A4F7556}") = "Minecraft_QQ.Gui", "Minecraft_QQ_Gui\Minecraft_QQ.Gui.csproj", "{C96FF4A5-2594-4AEB-BD69-FC22D2E8E36E}"
EndProject
Project("{9A19103F-16F7-4668-BE54-9A1E7A4F7556}") = "Minecraft_QQ.Cmd", "Minecraft_QQ_Cmd\Minecraft_QQ.Cmd.csproj", "{006009D2-0A65-4ABF-B061-2E8ACB104975}"
EndProject
Project("{9A19103F-16F7-4668-BE54-9A1E7A4F7556}") = "Minecraft_QQ.NewGui", "Minecraft_QQ.NewGui\Minecraft_QQ.NewGui.csproj", "{15A32294-02DD-40A9-B7B6-D8A6BEB74C72}"
EndProject
Project("{2150E333-8FDC-42A3-9474-1A3956D46DE8}") = "Solution Items", "Solution Items", "{3396CEFD-9EFF-4A34-B856-2EE275D55D95}"
	ProjectSection(SolutionItems) = preProject
		.editorconfig = .editorconfig
	EndProjectSection
EndProject
Global
	GlobalSection(SolutionConfigurationPlatforms) = preSolution
		Debug|Any CPU = Debug|Any CPU
		Release|Any CPU = Release|Any CPU
	EndGlobalSection
	GlobalSection(ProjectConfigurationPlatforms) = postSolution
		{98F9345E-7FA8-4A57-BDEC-136110D3D244}.Debug|Any CPU.ActiveCfg = Debug|Any CPU
		{98F9345E-7FA8-4A57-BDEC-136110D3D244}.Debug|Any CPU.Build.0 = Debug|Any CPU
		{98F9345E-7FA8-4A57-BDEC-136110D3D244}.Release|Any CPU.ActiveCfg = Release|Any CPU
		{98F9345E-7FA8-4A57-BDEC-136110D3D244}.Release|Any CPU.Build.0 = Release|Any CPU
		{C96FF4A5-2594-4AEB-BD69-FC22D2E8E36E}.Debug|Any CPU.ActiveCfg = Debug|Any CPU
		{C96FF4A5-2594-4AEB-BD69-FC22D2E8E36E}.Debug|Any CPU.Build.0 = Debug|Any CPU
		{C96FF4A5-2594-4AEB-BD69-FC22D2E8E36E}.Release|Any CPU.ActiveCfg = Release|Any CPU
		{C96FF4A5-2594-4AEB-BD69-FC22D2E8E36E}.Release|Any CPU.Build.0 = Release|Any CPU
		{006009D2-0A65-4ABF-B061-2E8ACB104975}.Debug|Any CPU.ActiveCfg = Debug|Any CPU
		{006009D2-0A65-4ABF-B061-2E8ACB104975}.Debug|Any CPU.Build.0 = Debug|Any CPU
		{006009D2-0A65-4ABF-B061-2E8ACB104975}.Release|Any CPU.ActiveCfg = Release|Any CPU
		{006009D2-0A65-4ABF-B061-2E8ACB104975}.Release|Any CPU.Build.0 = Release|Any CPU
		{15A32294-02DD-40A9-B7B6-D8A6BEB74C72}.Debug|Any CPU.ActiveCfg = Debug|Any CPU
		{15A32294-02DD-40A9-B7B6-D8A6BEB74C72}.Debug|Any CPU.Build.0 = Debug|Any CPU
		{15A32294-02DD-40A9-B7B6-D8A6BEB74C72}.Release|Any CPU.ActiveCfg = Release|Any CPU
		{15A32294-02DD-40A9-B7B6-D8A6BEB74C72}.Release|Any CPU.Build.0 = Release|Any CPU
	EndGlobalSection
	GlobalSection(SolutionProperties) = preSolution
		HideSolutionNode = FALSE
	EndGlobalSection
	GlobalSection(ExtensibilityGlobals) = postSolution
		SolutionGuid = {B922812F-261A-408D-83EC-C1792BCF6AE2}
	EndGlobalSection
EndGlobal
