
Microsoft Visual Studio Solution File, Format Version 12.00
# Visual Studio Version 16
VisualStudioVersion = 16.0.29001.49
MinimumVisualStudioVersion = 10.0.40219.1
Project("{FAE04EC0-301F-11D3-BF4B-00C04F79EFBC}") = "Native.Tool", "Native.Tool\Native.Tool.csproj", "{0CA93EB9-4E25-46C6-94D2-0F97137A1606}"
EndProject
Project("{FAE04EC0-301F-11D3-BF4B-00C04F79EFBC}") = "Native.Sdk", "Native.Sdk\Native.Sdk.csproj", "{D7A958B3-79D9-49F8-8BB4-9619BAB6ECBA}"
EndProject
Project("{FAE04EC0-301F-11D3-BF4B-00C04F79EFBC}") = "Native.Core", "Native.Core\Native.Core.csproj", "{C03C5BB7-91D0-4894-AAF9-127090DFAD91}"
EndProject
Project("{FAE04EC0-301F-11D3-BF4B-00C04F79EFBC}") = "Minecraft_QQ", "Minecraft_QQ\Minecraft_QQ.csproj", "{58AF8B85-E0DF-46BC-A932-81DD14C71165}"
EndProject
Global
	GlobalSection(SolutionConfigurationPlatforms) = preSolution
		Debug|Any CPU = Debug|Any CPU
		Debug|ARM = Debug|ARM
		Debug|ARM64 = Debug|ARM64
		Debug|x64 = Debug|x64
		Debug|x86 = Debug|x86
		Release|Any CPU = Release|Any CPU
		Release|ARM = Release|ARM
		Release|ARM64 = Release|ARM64
		Release|x64 = Release|x64
		Release|x86 = Release|x86
	EndGlobalSection
	GlobalSection(ProjectConfigurationPlatforms) = postSolution
		{0CA93EB9-4E25-46C6-94D2-0F97137A1606}.Debug|Any CPU.ActiveCfg = Debug|x86
		{0CA93EB9-4E25-46C6-94D2-0F97137A1606}.Debug|ARM.ActiveCfg = Debug|x86
		{0CA93EB9-4E25-46C6-94D2-0F97137A1606}.Debug|ARM64.ActiveCfg = Debug|x86
		{0CA93EB9-4E25-46C6-94D2-0F97137A1606}.Debug|x64.ActiveCfg = Debug|x86
		{0CA93EB9-4E25-46C6-94D2-0F97137A1606}.Debug|x86.ActiveCfg = Debug|x86
		{0CA93EB9-4E25-46C6-94D2-0F97137A1606}.Debug|x86.Build.0 = Debug|x86
		{0CA93EB9-4E25-46C6-94D2-0F97137A1606}.Release|Any CPU.ActiveCfg = Release|x86
		{0CA93EB9-4E25-46C6-94D2-0F97137A1606}.Release|ARM.ActiveCfg = Release|x86
		{0CA93EB9-4E25-46C6-94D2-0F97137A1606}.Release|ARM64.ActiveCfg = Release|x86
		{0CA93EB9-4E25-46C6-94D2-0F97137A1606}.Release|x64.ActiveCfg = Release|x86
		{0CA93EB9-4E25-46C6-94D2-0F97137A1606}.Release|x86.ActiveCfg = Release|x86
		{0CA93EB9-4E25-46C6-94D2-0F97137A1606}.Release|x86.Build.0 = Release|x86
		{D7A958B3-79D9-49F8-8BB4-9619BAB6ECBA}.Debug|Any CPU.ActiveCfg = Debug|x86
		{D7A958B3-79D9-49F8-8BB4-9619BAB6ECBA}.Debug|ARM.ActiveCfg = Debug|x86
		{D7A958B3-79D9-49F8-8BB4-9619BAB6ECBA}.Debug|ARM64.ActiveCfg = Debug|x86
		{D7A958B3-79D9-49F8-8BB4-9619BAB6ECBA}.Debug|x64.ActiveCfg = Debug|x86
		{D7A958B3-79D9-49F8-8BB4-9619BAB6ECBA}.Debug|x86.ActiveCfg = Debug|x86
		{D7A958B3-79D9-49F8-8BB4-9619BAB6ECBA}.Debug|x86.Build.0 = Debug|x86
		{D7A958B3-79D9-49F8-8BB4-9619BAB6ECBA}.Release|Any CPU.ActiveCfg = Release|x86
		{D7A958B3-79D9-49F8-8BB4-9619BAB6ECBA}.Release|ARM.ActiveCfg = Release|x86
		{D7A958B3-79D9-49F8-8BB4-9619BAB6ECBA}.Release|ARM64.ActiveCfg = Release|x86
		{D7A958B3-79D9-49F8-8BB4-9619BAB6ECBA}.Release|x64.ActiveCfg = Release|x86
		{D7A958B3-79D9-49F8-8BB4-9619BAB6ECBA}.Release|x86.ActiveCfg = Release|x86
		{D7A958B3-79D9-49F8-8BB4-9619BAB6ECBA}.Release|x86.Build.0 = Release|x86
		{C03C5BB7-91D0-4894-AAF9-127090DFAD91}.Debug|Any CPU.ActiveCfg = Debug|x86
		{C03C5BB7-91D0-4894-AAF9-127090DFAD91}.Debug|ARM.ActiveCfg = Debug|x86
		{C03C5BB7-91D0-4894-AAF9-127090DFAD91}.Debug|ARM64.ActiveCfg = Debug|x86
		{C03C5BB7-91D0-4894-AAF9-127090DFAD91}.Debug|x64.ActiveCfg = Debug|x86
		{C03C5BB7-91D0-4894-AAF9-127090DFAD91}.Debug|x86.ActiveCfg = Debug|x86
		{C03C5BB7-91D0-4894-AAF9-127090DFAD91}.Debug|x86.Build.0 = Debug|x86
		{C03C5BB7-91D0-4894-AAF9-127090DFAD91}.Release|Any CPU.ActiveCfg = Release|x86
		{C03C5BB7-91D0-4894-AAF9-127090DFAD91}.Release|ARM.ActiveCfg = Release|x86
		{C03C5BB7-91D0-4894-AAF9-127090DFAD91}.Release|ARM64.ActiveCfg = Release|x86
		{C03C5BB7-91D0-4894-AAF9-127090DFAD91}.Release|x64.ActiveCfg = Release|x86
		{C03C5BB7-91D0-4894-AAF9-127090DFAD91}.Release|x86.ActiveCfg = Release|x86
		{C03C5BB7-91D0-4894-AAF9-127090DFAD91}.Release|x86.Build.0 = Release|x86
		{58AF8B85-E0DF-46BC-A932-81DD14C71165}.Debug|Any CPU.ActiveCfg = Debug|Any CPU
		{58AF8B85-E0DF-46BC-A932-81DD14C71165}.Debug|Any CPU.Build.0 = Debug|Any CPU
		{58AF8B85-E0DF-46BC-A932-81DD14C71165}.Debug|ARM.ActiveCfg = Debug|Any CPU
		{58AF8B85-E0DF-46BC-A932-81DD14C71165}.Debug|ARM.Build.0 = Debug|Any CPU
		{58AF8B85-E0DF-46BC-A932-81DD14C71165}.Debug|ARM64.ActiveCfg = Debug|Any CPU
		{58AF8B85-E0DF-46BC-A932-81DD14C71165}.Debug|ARM64.Build.0 = Debug|Any CPU
		{58AF8B85-E0DF-46BC-A932-81DD14C71165}.Debug|x64.ActiveCfg = Debug|Any CPU
		{58AF8B85-E0DF-46BC-A932-81DD14C71165}.Debug|x64.Build.0 = Debug|Any CPU
		{58AF8B85-E0DF-46BC-A932-81DD14C71165}.Debug|x86.ActiveCfg = Debug|Any CPU
		{58AF8B85-E0DF-46BC-A932-81DD14C71165}.Debug|x86.Build.0 = Debug|Any CPU
		{58AF8B85-E0DF-46BC-A932-81DD14C71165}.Release|Any CPU.ActiveCfg = Release|Any CPU
		{58AF8B85-E0DF-46BC-A932-81DD14C71165}.Release|Any CPU.Build.0 = Release|Any CPU
		{58AF8B85-E0DF-46BC-A932-81DD14C71165}.Release|ARM.ActiveCfg = Release|Any CPU
		{58AF8B85-E0DF-46BC-A932-81DD14C71165}.Release|ARM.Build.0 = Release|Any CPU
		{58AF8B85-E0DF-46BC-A932-81DD14C71165}.Release|ARM64.ActiveCfg = Release|Any CPU
		{58AF8B85-E0DF-46BC-A932-81DD14C71165}.Release|ARM64.Build.0 = Release|Any CPU
		{58AF8B85-E0DF-46BC-A932-81DD14C71165}.Release|x64.ActiveCfg = Release|Any CPU
		{58AF8B85-E0DF-46BC-A932-81DD14C71165}.Release|x64.Build.0 = Release|Any CPU
		{58AF8B85-E0DF-46BC-A932-81DD14C71165}.Release|x86.ActiveCfg = Release|Any CPU
		{58AF8B85-E0DF-46BC-A932-81DD14C71165}.Release|x86.Build.0 = Release|Any CPU
	EndGlobalSection
	GlobalSection(SolutionProperties) = preSolution
		HideSolutionNode = FALSE
	EndGlobalSection
	GlobalSection(ExtensibilityGlobals) = postSolution
		SolutionGuid = {B922812F-261A-408D-83EC-C1792BCF6AE2}
	EndGlobalSection
EndGlobal
